
Microsoft Visual Studio Solution File, Format Version 12.00
# Visual Studio Version 17
VisualStudioVersion = 17.7.34009.444
MinimumVisualStudioVersion = 10.0.40219.1
Project("{FAE04EC0-301F-11D3-BF4B-00C04F79EFBC}") = "3.1Uzduotis_if", "3.1Uzduotis_if.csproj", "{00F1D89D-D7E6-40E4-B2D1-A1CA5EB95EB9}"
EndProject
Global
	GlobalSection(SolutionConfigurationPlatforms) = preSolution
		Debug|Any CPU = Debug|Any CPU
		Release|Any CPU = Release|Any CPU
	EndGlobalSection
	GlobalSection(ProjectConfigurationPlatforms) = postSolution
		{00F1D89D-D7E6-40E4-B2D1-A1CA5EB95EB9}.Debug|Any CPU.ActiveCfg = Debug|Any CPU
		{00F1D89D-D7E6-40E4-B2D1-A1CA5EB95EB9}.Debug|Any CPU.Build.0 = Debug|Any CPU
		{00F1D89D-D7E6-40E4-B2D1-A1CA5EB95EB9}.Release|Any CPU.ActiveCfg = Release|Any CPU
		{00F1D89D-D7E6-40E4-B2D1-A1CA5EB95EB9}.Release|Any CPU.Build.0 = Release|Any CPU
	EndGlobalSection
	GlobalSection(SolutionProperties) = preSolution
		HideSolutionNode = FALSE
	EndGlobalSection
	GlobalSection(ExtensibilityGlobals) = postSolution
		SolutionGuid = {9335282E-4518-405D-9613-DAAE17E23178}
	EndGlobalSection
EndGlobal
